
Microsoft Visual Studio Solution File, Format Version 12.00
# Visual Studio 14
VisualStudioVersion = 14.0.22823.1
MinimumVisualStudioVersion = 10.0.40219.1
Project("{2150E333-8FDC-42A3-9474-1A3956D46DE8}") = "src", "src", "{7B2B1132-9E44-4737-88C3-0EDB586E0A79}"
EndProject
Project("{2150E333-8FDC-42A3-9474-1A3956D46DE8}") = "Solution Items", "Solution Items", "{305326EC-E71B-4605-8B2C-284340E1A776}"
	ProjectSection(SolutionItems) = preProject
		global.json = global.json
		README.md = README.md
	EndProjectSection
EndProject
Project("{8BB2217D-0F2D-49D1-97BC-3654ED321F3B}") = "Branch.Web", "src\Branch.Web\Branch.Web.xproj", "{F814A739-1862-40F7-B4F6-1754D90F9950}"
EndProject
Project("{8BB2217D-0F2D-49D1-97BC-3654ED321F3B}") = "Branch.Service.Halo4", "src\Branch.Service.Halo4\Branch.Service.Halo4.xproj", "{C4CC6B25-E52E-4283-A7BC-BC6824CA6798}"
EndProject
Project("{8BB2217D-0F2D-49D1-97BC-3654ED321F3B}") = "Branch.Helpers", "src\Branch.Helpers\Branch.Helpers.xproj", "{EF37F737-5EB1-451D-B2D5-50753CF7BDA0}"
EndProject
Project("{2150E333-8FDC-42A3-9474-1A3956D46DE8}") = "halo", "halo", "{B548200A-C447-414A-B25E-283DBD9CFACD}"
EndProject
Project("{8BB2217D-0F2D-49D1-97BC-3654ED321F3B}") = "Microsoft.Halo.Core", "halo\Microsoft.Halo.Core\Microsoft.Halo.Core.xproj", "{6D3E4307-A5D4-4E21-BB28-AE472DFEB81D}"
EndProject
Project("{2150E333-8FDC-42A3-9474-1A3956D46DE8}") = "assets", "assets", "{FCD9AF72-B935-4C8A-8310-0B2247A78D9D}"
EndProject
Project("{2150E333-8FDC-42A3-9474-1A3956D46DE8}") = "logo", "logo", "{F1614E8D-1805-4619-8926-581F3F0F6E7C}"
	ProjectSection(SolutionItems) = preProject
		assets\logo\logo-1000x1000.png = assets\logo\logo-1000x1000.png
		assets\logo\logo-100x100.png = assets\logo\logo-100x100.png
		assets\logo\logo-1200x1200.png = assets\logo\logo-1200x1200.png
		assets\logo\logo-125x125.png = assets\logo\logo-125x125.png
		assets\logo\logo-150x150.png = assets\logo\logo-150x150.png
		assets\logo\logo-250x250.png = assets\logo\logo-250x250.png
		assets\logo\logo-255x255.ico = assets\logo\logo-255x255.ico
		assets\logo\logo-255x255.png = assets\logo\logo-255x255.png
		assets\logo\logo-500x500.png = assets\logo\logo-500x500.png
		assets\logo\logo-800x800.png = assets\logo\logo-800x800.png
		assets\logo\logo-original.png = assets\logo\logo-original.png
		assets\logo\logo-original.svg = assets\logo\logo-original.svg
	EndProjectSection
EndProject
Project("{2150E333-8FDC-42A3-9474-1A3956D46DE8}") = "test", "test", "{B92A86B6-1755-416A-8D3B-9D938C840A8A}"
EndProject
Project("{8BB2217D-0F2D-49D1-97BC-3654ED321F3B}") = "Branch.Service.XboxLive", "src\Branch.Service.XboxLive\Branch.Service.XboxLive.xproj", "{2358874B-E10B-4CB0-9C04-287DF8644643}"
EndProject
Project("{2150E333-8FDC-42A3-9474-1A3956D46DE8}") = "xbox", "xbox", "{5FC5F54D-969E-44FE-BCEB-ADC015353EEB}"
EndProject
Project("{8BB2217D-0F2D-49D1-97BC-3654ED321F3B}") = "Microsoft.Xbox.Services", "xbox\Microsoft.Xbox.Core\Microsoft.Xbox.Services.xproj", "{C0372A71-513E-4A9C-AF38-E41FECEBC7BE}"
EndProject
Project("{2150E333-8FDC-42A3-9474-1A3956D46DE8}") = "scripts", "scripts", "{1C7A8FA7-70FD-43CD-84DA-02B2971BEE34}"
	ProjectSection(SolutionItems) = preProject
		scripts\migrations.cmd = scripts\migrations.cmd
	EndProjectSection
EndProject
Project("{2150E333-8FDC-42A3-9474-1A3956D46DE8}") = "icons", "icons", "{6C2F1545-F0E5-44D4-BC49-78595F54C5B1}"
	ProjectSection(SolutionItems) = preProject
		assets\icons\gamerscore-light.psd = assets\icons\gamerscore-light.psd
	EndProjectSection
EndProject
Global
	GlobalSection(SolutionConfigurationPlatforms) = preSolution
		Debug|Any CPU = Debug|Any CPU
		Release|Any CPU = Release|Any CPU
	EndGlobalSection
	GlobalSection(ProjectConfigurationPlatforms) = postSolution
		{F814A739-1862-40F7-B4F6-1754D90F9950}.Debug|Any CPU.ActiveCfg = Debug|Any CPU
		{F814A739-1862-40F7-B4F6-1754D90F9950}.Debug|Any CPU.Build.0 = Debug|Any CPU
		{F814A739-1862-40F7-B4F6-1754D90F9950}.Release|Any CPU.ActiveCfg = Release|Any CPU
		{F814A739-1862-40F7-B4F6-1754D90F9950}.Release|Any CPU.Build.0 = Release|Any CPU
		{C4CC6B25-E52E-4283-A7BC-BC6824CA6798}.Debug|Any CPU.ActiveCfg = Debug|Any CPU
		{C4CC6B25-E52E-4283-A7BC-BC6824CA6798}.Debug|Any CPU.Build.0 = Debug|Any CPU
		{C4CC6B25-E52E-4283-A7BC-BC6824CA6798}.Release|Any CPU.ActiveCfg = Release|Any CPU
		{C4CC6B25-E52E-4283-A7BC-BC6824CA6798}.Release|Any CPU.Build.0 = Release|Any CPU
		{EF37F737-5EB1-451D-B2D5-50753CF7BDA0}.Debug|Any CPU.ActiveCfg = Debug|Any CPU
		{EF37F737-5EB1-451D-B2D5-50753CF7BDA0}.Debug|Any CPU.Build.0 = Debug|Any CPU
		{EF37F737-5EB1-451D-B2D5-50753CF7BDA0}.Release|Any CPU.ActiveCfg = Release|Any CPU
		{EF37F737-5EB1-451D-B2D5-50753CF7BDA0}.Release|Any CPU.Build.0 = Release|Any CPU
		{6D3E4307-A5D4-4E21-BB28-AE472DFEB81D}.Debug|Any CPU.ActiveCfg = Debug|Any CPU
		{6D3E4307-A5D4-4E21-BB28-AE472DFEB81D}.Debug|Any CPU.Build.0 = Debug|Any CPU
		{6D3E4307-A5D4-4E21-BB28-AE472DFEB81D}.Release|Any CPU.ActiveCfg = Release|Any CPU
		{6D3E4307-A5D4-4E21-BB28-AE472DFEB81D}.Release|Any CPU.Build.0 = Release|Any CPU
		{2358874B-E10B-4CB0-9C04-287DF8644643}.Debug|Any CPU.ActiveCfg = Debug|Any CPU
		{2358874B-E10B-4CB0-9C04-287DF8644643}.Debug|Any CPU.Build.0 = Debug|Any CPU
		{2358874B-E10B-4CB0-9C04-287DF8644643}.Release|Any CPU.ActiveCfg = Release|Any CPU
		{2358874B-E10B-4CB0-9C04-287DF8644643}.Release|Any CPU.Build.0 = Release|Any CPU
		{C0372A71-513E-4A9C-AF38-E41FECEBC7BE}.Debug|Any CPU.ActiveCfg = Debug|Any CPU
		{C0372A71-513E-4A9C-AF38-E41FECEBC7BE}.Debug|Any CPU.Build.0 = Debug|Any CPU
		{C0372A71-513E-4A9C-AF38-E41FECEBC7BE}.Release|Any CPU.ActiveCfg = Release|Any CPU
		{C0372A71-513E-4A9C-AF38-E41FECEBC7BE}.Release|Any CPU.Build.0 = Release|Any CPU
	EndGlobalSection
	GlobalSection(SolutionProperties) = preSolution
		HideSolutionNode = FALSE
	EndGlobalSection
	GlobalSection(NestedProjects) = preSolution
		{F814A739-1862-40F7-B4F6-1754D90F9950} = {7B2B1132-9E44-4737-88C3-0EDB586E0A79}
		{C4CC6B25-E52E-4283-A7BC-BC6824CA6798} = {7B2B1132-9E44-4737-88C3-0EDB586E0A79}
		{EF37F737-5EB1-451D-B2D5-50753CF7BDA0} = {7B2B1132-9E44-4737-88C3-0EDB586E0A79}
		{6D3E4307-A5D4-4E21-BB28-AE472DFEB81D} = {B548200A-C447-414A-B25E-283DBD9CFACD}
		{F1614E8D-1805-4619-8926-581F3F0F6E7C} = {FCD9AF72-B935-4C8A-8310-0B2247A78D9D}
		{2358874B-E10B-4CB0-9C04-287DF8644643} = {7B2B1132-9E44-4737-88C3-0EDB586E0A79}
		{C0372A71-513E-4A9C-AF38-E41FECEBC7BE} = {5FC5F54D-969E-44FE-BCEB-ADC015353EEB}
		{6C2F1545-F0E5-44D4-BC49-78595F54C5B1} = {FCD9AF72-B935-4C8A-8310-0B2247A78D9D}
	EndGlobalSection
EndGlobal
